// !$*UTF8*$!
{
	archiveVersion = 1;
	classes = {
	};
	objectVersion = 56;
	objects = {

/* Begin PBXBuildFile section */
		C300AEAA2C9330CB003353F9 /* Diamond.swift in Sources */ = {isa = PBXBuildFile; fileRef = C300AEA92C9330CB003353F9 /* Diamond.swift */; };
		C300AEAC2C9330DE003353F9 /* Triangle.swift in Sources */ = {isa = PBXBuildFile; fileRef = C300AEAB2C9330DE003353F9 /* Triangle.swift */; };
		C300AEAE2C933136003353F9 /* BlendView.swift in Sources */ = {isa = PBXBuildFile; fileRef = C300AEAD2C933136003353F9 /* BlendView.swift */; };
		C300AEB02C9350AA003353F9 /* Preferences.swift in Sources */ = {isa = PBXBuildFile; fileRef = C300AEAF2C9350AA003353F9 /* Preferences.swift */; };
		C300AEB22C9351A9003353F9 /* PreferenceView.swift in Sources */ = {isa = PBXBuildFile; fileRef = C300AEB12C9351A9003353F9 /* PreferenceView.swift */; };
		C300AEB42C9356E4003353F9 /* ColorSettingsView.swift in Sources */ = {isa = PBXBuildFile; fileRef = C300AEB32C9356E4003353F9 /* ColorSettingsView.swift */; };
		C33A0F322C99E67E004D01EE /* colors.json in Resources */ = {isa = PBXBuildFile; fileRef = C33A0F312C99E67E004D01EE /* colors.json */; };
		C33A0F342C99E6D7004D01EE /* StorageManager.swift in Sources */ = {isa = PBXBuildFile; fileRef = C33A0F332C99E6D7004D01EE /* StorageManager.swift */; };
		C37588FE2C8F956600E2A7F4 /* ColorComponentsApp.swift in Sources */ = {isa = PBXBuildFile; fileRef = C37588FD2C8F956600E2A7F4 /* ColorComponentsApp.swift */; };
		C37589022C8F956800E2A7F4 /* Assets.xcassets in Resources */ = {isa = PBXBuildFile; fileRef = C37589012C8F956800E2A7F4 /* Assets.xcassets */; };
		C37589052C8F956800E2A7F4 /* Preview Assets.xcassets in Resources */ = {isa = PBXBuildFile; fileRef = C37589042C8F956800E2A7F4 /* Preview Assets.xcassets */; };
		C375890F2C8F962C00E2A7F4 /* ColorComponent.swift in Sources */ = {isa = PBXBuildFile; fileRef = C375890E2C8F962C00E2A7F4 /* ColorComponent.swift */; };
		C37589112C8F964500E2A7F4 /* ColorManager.swift in Sources */ = {isa = PBXBuildFile; fileRef = C37589102C8F964500E2A7F4 /* ColorManager.swift */; };
		C37589132C8F965B00E2A7F4 /* Manager+Color.swift in Sources */ = {isa = PBXBuildFile; fileRef = C37589122C8F965B00E2A7F4 /* Manager+Color.swift */; };
		C37589152C8F967300E2A7F4 /* RootView.swift in Sources */ = {isa = PBXBuildFile; fileRef = C37589142C8F967300E2A7F4 /* RootView.swift */; };
		C37589172C8F967E00E2A7F4 /* ControlView.swift in Sources */ = {isa = PBXBuildFile; fileRef = C37589162C8F967E00E2A7F4 /* ControlView.swift */; };
		C37589192C8F96D900E2A7F4 /* ColorShapeView.swift in Sources */ = {isa = PBXBuildFile; fileRef = C37589182C8F96D900E2A7F4 /* ColorShapeView.swift */; };
/* End PBXBuildFile section */

/* Begin PBXFileReference section */
		C300AEA92C9330CB003353F9 /* Diamond.swift */ = {isa = PBXFileReference; lastKnownFileType = sourcecode.swift; path = Diamond.swift; sourceTree = "<group>"; };
		C300AEAB2C9330DE003353F9 /* Triangle.swift */ = {isa = PBXFileReference; lastKnownFileType = sourcecode.swift; path = Triangle.swift; sourceTree = "<group>"; };
		C300AEAD2C933136003353F9 /* BlendView.swift */ = {isa = PBXFileReference; lastKnownFileType = sourcecode.swift; path = BlendView.swift; sourceTree = "<group>"; };
		C300AEAF2C9350AA003353F9 /* Preferences.swift */ = {isa = PBXFileReference; lastKnownFileType = sourcecode.swift; path = Preferences.swift; sourceTree = "<group>"; };
		C300AEB12C9351A9003353F9 /* PreferenceView.swift */ = {isa = PBXFileReference; lastKnownFileType = sourcecode.swift; path = PreferenceView.swift; sourceTree = "<group>"; };
		C300AEB32C9356E4003353F9 /* ColorSettingsView.swift */ = {isa = PBXFileReference; lastKnownFileType = sourcecode.swift; path = ColorSettingsView.swift; sourceTree = "<group>"; };
		C33A0F312C99E67E004D01EE /* colors.json */ = {isa = PBXFileReference; lastKnownFileType = text.json; path = colors.json; sourceTree = "<group>"; };
		C33A0F332C99E6D7004D01EE /* StorageManager.swift */ = {isa = PBXFileReference; lastKnownFileType = sourcecode.swift; path = StorageManager.swift; sourceTree = "<group>"; };
		C37588FA2C8F956600E2A7F4 /* ColorComponents.app */ = {isa = PBXFileReference; explicitFileType = wrapper.application; includeInIndex = 0; path = ColorComponents.app; sourceTree = BUILT_PRODUCTS_DIR; };
		C37588FD2C8F956600E2A7F4 /* ColorComponentsApp.swift */ = {isa = PBXFileReference; lastKnownFileType = sourcecode.swift; path = ColorComponentsApp.swift; sourceTree = "<group>"; };
		C37589012C8F956800E2A7F4 /* Assets.xcassets */ = {isa = PBXFileReference; lastKnownFileType = folder.assetcatalog; path = Assets.xcassets; sourceTree = "<group>"; };
		C37589042C8F956800E2A7F4 /* Preview Assets.xcassets */ = {isa = PBXFileReference; lastKnownFileType = folder.assetcatalog; path = "Preview Assets.xcassets"; sourceTree = "<group>"; };
		C375890E2C8F962C00E2A7F4 /* ColorComponent.swift */ = {isa = PBXFileReference; lastKnownFileType = sourcecode.swift; path = ColorComponent.swift; sourceTree = "<group>"; };
		C37589102C8F964500E2A7F4 /* ColorManager.swift */ = {isa = PBXFileReference; lastKnownFileType = sourcecode.swift; path = ColorManager.swift; sourceTree = "<group>"; };
		C37589122C8F965B00E2A7F4 /* Manager+Color.swift */ = {isa = PBXFileReference; lastKnownFileType = sourcecode.swift; path = "Manager+Color.swift"; sourceTree = "<group>"; };
		C37589142C8F967300E2A7F4 /* RootView.swift */ = {isa = PBXFileReference; lastKnownFileType = sourcecode.swift; path = RootView.swift; sourceTree = "<group>"; };
		C37589162C8F967E00E2A7F4 /* ControlView.swift */ = {isa = PBXFileReference; lastKnownFileType = sourcecode.swift; path = ControlView.swift; sourceTree = "<group>"; };
		C37589182C8F96D900E2A7F4 /* ColorShapeView.swift */ = {isa = PBXFileReference; lastKnownFileType = sourcecode.swift; path = ColorShapeView.swift; sourceTree = "<group>"; };
/* End PBXFileReference section */

/* Begin PBXFrameworksBuildPhase section */
		C37588F72C8F956600E2A7F4 /* Frameworks */ = {
			isa = PBXFrameworksBuildPhase;
			buildActionMask = 2147483647;
			files = (
			);
			runOnlyForDeploymentPostprocessing = 0;
		};
/* End PBXFrameworksBuildPhase section */

/* Begin PBXGroup section */
		C300AEA82C9330B9003353F9 /* Shapes */ = {
			isa = PBXGroup;
			children = (
				C300AEA92C9330CB003353F9 /* Diamond.swift */,
				C300AEAB2C9330DE003353F9 /* Triangle.swift */,
			);
			path = Shapes;
			sourceTree = "<group>";
		};
		C37588F12C8F956600E2A7F4 = {
			isa = PBXGroup;
			children = (
				C37588FC2C8F956600E2A7F4 /* ColorComponents */,
				C37588FB2C8F956600E2A7F4 /* Products */,
			);
			sourceTree = "<group>";
		};
		C37588FB2C8F956600E2A7F4 /* Products */ = {
			isa = PBXGroup;
			children = (
				C37588FA2C8F956600E2A7F4 /* ColorComponents.app */,
			);
			name = Products;
			sourceTree = "<group>";
		};
		C37588FC2C8F956600E2A7F4 /* ColorComponents */ = {
			isa = PBXGroup;
			children = (
				C375890D2C8F957D00E2A7F4 /* Model */,
				C375890C2C8F957300E2A7F4 /* ViewModel */,
				C375890B2C8F956E00E2A7F4 /* Views */,
				C37588FD2C8F956600E2A7F4 /* ColorComponentsApp.swift */,
				C37589012C8F956800E2A7F4 /* Assets.xcassets */,
				C37589032C8F956800E2A7F4 /* Preview Content */,
			);
			path = ColorComponents;
			sourceTree = "<group>";
		};
		C37589032C8F956800E2A7F4 /* Preview Content */ = {
			isa = PBXGroup;
			children = (
				C37589042C8F956800E2A7F4 /* Preview Assets.xcassets */,
			);
			path = "Preview Content";
			sourceTree = "<group>";
		};
		C375890B2C8F956E00E2A7F4 /* Views */ = {
			isa = PBXGroup;
			children = (
				C300AEA82C9330B9003353F9 /* Shapes */,
				C37589142C8F967300E2A7F4 /* RootView.swift */,
				C37589162C8F967E00E2A7F4 /* ControlView.swift */,
				C37589182C8F96D900E2A7F4 /* ColorShapeView.swift */,
				C300AEAD2C933136003353F9 /* BlendView.swift */,
				C300AEB12C9351A9003353F9 /* PreferenceView.swift */,
				C300AEB32C9356E4003353F9 /* ColorSettingsView.swift */,
			);
			path = Views;
			sourceTree = "<group>";
		};
		C375890C2C8F957300E2A7F4 /* ViewModel */ = {
			isa = PBXGroup;
			children = (
				C37589102C8F964500E2A7F4 /* ColorManager.swift */,
				C37589122C8F965B00E2A7F4 /* Manager+Color.swift */,
				C33A0F332C99E6D7004D01EE /* StorageManager.swift */,
			);
			path = ViewModel;
			sourceTree = "<group>";
		};
		C375890D2C8F957D00E2A7F4 /* Model */ = {
			isa = PBXGroup;
			children = (
				C375890E2C8F962C00E2A7F4 /* ColorComponent.swift */,
				C300AEAF2C9350AA003353F9 /* Preferences.swift */,
				C33A0F312C99E67E004D01EE /* colors.json */,
			);
			path = Model;
			sourceTree = "<group>";
		};
/* End PBXGroup section */

/* Begin PBXNativeTarget section */
		C37588F92C8F956600E2A7F4 /* ColorComponents */ = {
			isa = PBXNativeTarget;
			buildConfigurationList = C37589082C8F956800E2A7F4 /* Build configuration list for PBXNativeTarget "ColorComponents" */;
			buildPhases = (
				C37588F62C8F956600E2A7F4 /* Sources */,
				C37588F72C8F956600E2A7F4 /* Frameworks */,
				C37588F82C8F956600E2A7F4 /* Resources */,
			);
			buildRules = (
			);
			dependencies = (
			);
			name = ColorComponents;
			productName = ColorComponents;
			productReference = C37588FA2C8F956600E2A7F4 /* ColorComponents.app */;
			productType = "com.apple.product-type.application";
		};
/* End PBXNativeTarget section */

/* Begin PBXProject section */
		C37588F22C8F956600E2A7F4 /* Project object */ = {
			isa = PBXProject;
			attributes = {
				BuildIndependentTargetsInParallel = 1;
				LastSwiftUpdateCheck = 1540;
				LastUpgradeCheck = 1540;
				TargetAttributes = {
					C37588F92C8F956600E2A7F4 = {
						CreatedOnToolsVersion = 15.4;
					};
				};
			};
			buildConfigurationList = C37588F52C8F956600E2A7F4 /* Build configuration list for PBXProject "ColorComponents" */;
			compatibilityVersion = "Xcode 14.0";
			developmentRegion = en;
			hasScannedForEncodings = 0;
			knownRegions = (
				en,
				Base,
			);
			mainGroup = C37588F12C8F956600E2A7F4;
			productRefGroup = C37588FB2C8F956600E2A7F4 /* Products */;
			projectDirPath = "";
			projectRoot = "";
			targets = (
				C37588F92C8F956600E2A7F4 /* ColorComponents */,
			);
		};
/* End PBXProject section */

/* Begin PBXResourcesBuildPhase section */
		C37588F82C8F956600E2A7F4 /* Resources */ = {
			isa = PBXResourcesBuildPhase;
			buildActionMask = 2147483647;
			files = (
				C33A0F322C99E67E004D01EE /* colors.json in Resources */,
				C37589052C8F956800E2A7F4 /* Preview Assets.xcassets in Resources */,
				C37589022C8F956800E2A7F4 /* Assets.xcassets in Resources */,
			);
			runOnlyForDeploymentPostprocessing = 0;
		};
/* End PBXResourcesBuildPhase section */

/* Begin PBXSourcesBuildPhase section */
		C37588F62C8F956600E2A7F4 /* Sources */ = {
			isa = PBXSourcesBuildPhase;
			buildActionMask = 2147483647;
			files = (
				C37588FE2C8F956600E2A7F4 /* ColorComponentsApp.swift in Sources */,
				C37589192C8F96D900E2A7F4 /* ColorShapeView.swift in Sources */,
				C37589152C8F967300E2A7F4 /* RootView.swift in Sources */,
				C33A0F342C99E6D7004D01EE /* StorageManager.swift in Sources */,
				C300AEAC2C9330DE003353F9 /* Triangle.swift in Sources */,
				C300AEB42C9356E4003353F9 /* ColorSettingsView.swift in Sources */,
				C300AEAE2C933136003353F9 /* BlendView.swift in Sources */,
				C300AEB22C9351A9003353F9 /* PreferenceView.swift in Sources */,
				C375890F2C8F962C00E2A7F4 /* ColorComponent.swift in Sources */,
				C300AEAA2C9330CB003353F9 /* Diamond.swift in Sources */,
				C300AEB02C9350AA003353F9 /* Preferences.swift in Sources */,
				C37589132C8F965B00E2A7F4 /* Manager+Color.swift in Sources */,
				C37589172C8F967E00E2A7F4 /* ControlView.swift in Sources */,
				C37589112C8F964500E2A7F4 /* ColorManager.swift in Sources */,
			);
			runOnlyForDeploymentPostprocessing = 0;
		};
/* End PBXSourcesBuildPhase section */

/* Begin XCBuildConfiguration section */
		C37589062C8F956800E2A7F4 /* Debug */ = {
			isa = XCBuildConfiguration;
			buildSettings = {
				ALWAYS_SEARCH_USER_PATHS = NO;
				ASSETCATALOG_COMPILER_GENERATE_SWIFT_ASSET_SYMBOL_EXTENSIONS = YES;
				CLANG_ANALYZER_NONNULL = YES;
				CLANG_ANALYZER_NUMBER_OBJECT_CONVERSION = YES_AGGRESSIVE;
				CLANG_CXX_LANGUAGE_STANDARD = "gnu++20";
				CLANG_ENABLE_MODULES = YES;
				CLANG_ENABLE_OBJC_ARC = YES;
				CLANG_ENABLE_OBJC_WEAK = YES;
				CLANG_WARN_BLOCK_CAPTURE_AUTORELEASING = YES;
				CLANG_WARN_BOOL_CONVERSION = YES;
				CLANG_WARN_COMMA = YES;
				CLANG_WARN_CONSTANT_CONVERSION = YES;
				CLANG_WARN_DEPRECATED_OBJC_IMPLEMENTATIONS = YES;
				CLANG_WARN_DIRECT_OBJC_ISA_USAGE = YES_ERROR;
				CLANG_WARN_DOCUMENTATION_COMMENTS = YES;
				CLANG_WARN_EMPTY_BODY = YES;
				CLANG_WARN_ENUM_CONVERSION = YES;
				CLANG_WARN_INFINITE_RECURSION = YES;
				CLANG_WARN_INT_CONVERSION = YES;
				CLANG_WARN_NON_LITERAL_NULL_CONVERSION = YES;
				CLANG_WARN_OBJC_IMPLICIT_RETAIN_SELF = YES;
				CLANG_WARN_OBJC_LITERAL_CONVERSION = YES;
				CLANG_WARN_OBJC_ROOT_CLASS = YES_ERROR;
				CLANG_WARN_QUOTED_INCLUDE_IN_FRAMEWORK_HEADER = YES;
				CLANG_WARN_RANGE_LOOP_ANALYSIS = YES;
				CLANG_WARN_STRICT_PROTOTYPES = YES;
				CLANG_WARN_SUSPICIOUS_MOVE = YES;
				CLANG_WARN_UNGUARDED_AVAILABILITY = YES_AGGRESSIVE;
				CLANG_WARN_UNREACHABLE_CODE = YES;
				CLANG_WARN__DUPLICATE_METHOD_MATCH = YES;
				COPY_PHASE_STRIP = NO;
				DEBUG_INFORMATION_FORMAT = dwarf;
				ENABLE_STRICT_OBJC_MSGSEND = YES;
				ENABLE_TESTABILITY = YES;
				ENABLE_USER_SCRIPT_SANDBOXING = YES;
				GCC_C_LANGUAGE_STANDARD = gnu17;
				GCC_DYNAMIC_NO_PIC = NO;
				GCC_NO_COMMON_BLOCKS = YES;
				GCC_OPTIMIZATION_LEVEL = 0;
				GCC_PREPROCESSOR_DEFINITIONS = (
					"DEBUG=1",
					"$(inherited)",
				);
				GCC_WARN_64_TO_32_BIT_CONVERSION = YES;
				GCC_WARN_ABOUT_RETURN_TYPE = YES_ERROR;
				GCC_WARN_UNDECLARED_SELECTOR = YES;
				GCC_WARN_UNINITIALIZED_AUTOS = YES_AGGRESSIVE;
				GCC_WARN_UNUSED_FUNCTION = YES;
				GCC_WARN_UNUSED_VARIABLE = YES;
				IPHONEOS_DEPLOYMENT_TARGET = 17.5;
				LOCALIZATION_PREFERS_STRING_CATALOGS = YES;
				MTL_ENABLE_DEBUG_INFO = INCLUDE_SOURCE;
				MTL_FAST_MATH = YES;
				ONLY_ACTIVE_ARCH = YES;
				SDKROOT = iphoneos;
				SWIFT_ACTIVE_COMPILATION_CONDITIONS = "DEBUG $(inherited)";
				SWIFT_OPTIMIZATION_LEVEL = "-Onone";
			};
			name = Debug;
		};
		C37589072C8F956800E2A7F4 /* Release */ = {
			isa = XCBuildConfiguration;
			buildSettings = {
				ALWAYS_SEARCH_USER_PATHS = NO;
				ASSETCATALOG_COMPILER_GENERATE_SWIFT_ASSET_SYMBOL_EXTENSIONS = YES;
				CLANG_ANALYZER_NONNULL = YES;
				CLANG_ANALYZER_NUMBER_OBJECT_CONVERSION = YES_AGGRESSIVE;
				CLANG_CXX_LANGUAGE_STANDARD = "gnu++20";
				CLANG_ENABLE_MODULES = YES;
				CLANG_ENABLE_OBJC_ARC = YES;
				CLANG_ENABLE_OBJC_WEAK = YES;
				CLANG_WARN_BLOCK_CAPTURE_AUTORELEASING = YES;
				CLANG_WARN_BOOL_CONVERSION = YES;
				CLANG_WARN_COMMA = YES;
				CLANG_WARN_CONSTANT_CONVERSION = YES;
				CLANG_WARN_DEPRECATED_OBJC_IMPLEMENTATIONS = YES;
				CLANG_WARN_DIRECT_OBJC_ISA_USAGE = YES_ERROR;
				CLANG_WARN_DOCUMENTATION_COMMENTS = YES;
				CLANG_WARN_EMPTY_BODY = YES;
				CLANG_WARN_ENUM_CONVERSION = YES;
				CLANG_WARN_INFINITE_RECURSION = YES;
				CLANG_WARN_INT_CONVERSION = YES;
				CLANG_WARN_NON_LITERAL_NULL_CONVERSION = YES;
				CLANG_WARN_OBJC_IMPLICIT_RETAIN_SELF = YES;
				CLANG_WARN_OBJC_LITERAL_CONVERSION = YES;
				CLANG_WARN_OBJC_ROOT_CLASS = YES_ERROR;
				CLANG_WARN_QUOTED_INCLUDE_IN_FRAMEWORK_HEADER = YES;
				CLANG_WARN_RANGE_LOOP_ANALYSIS = YES;
				CLANG_WARN_STRICT_PROTOTYPES = YES;
				CLANG_WARN_SUSPICIOUS_MOVE = YES;
				CLANG_WARN_UNGUARDED_AVAILABILITY = YES_AGGRESSIVE;
				CLANG_WARN_UNREACHABLE_CODE = YES;
				CLANG_WARN__DUPLICATE_METHOD_MATCH = YES;
				COPY_PHASE_STRIP = NO;
				DEBUG_INFORMATION_FORMAT = "dwarf-with-dsym";
				ENABLE_NS_ASSERTIONS = NO;
				ENABLE_STRICT_OBJC_MSGSEND = YES;
				ENABLE_USER_SCRIPT_SANDBOXING = YES;
				GCC_C_LANGUAGE_STANDARD = gnu17;
				GCC_NO_COMMON_BLOCKS = YES;
				GCC_WARN_64_TO_32_BIT_CONVERSION = YES;
				GCC_WARN_ABOUT_RETURN_TYPE = YES_ERROR;
				GCC_WARN_UNDECLARED_SELECTOR = YES;
				GCC_WARN_UNINITIALIZED_AUTOS = YES_AGGRESSIVE;
				GCC_WARN_UNUSED_FUNCTION = YES;
				GCC_WARN_UNUSED_VARIABLE = YES;
				IPHONEOS_DEPLOYMENT_TARGET = 17.5;
				LOCALIZATION_PREFERS_STRING_CATALOGS = YES;
				MTL_ENABLE_DEBUG_INFO = NO;
				MTL_FAST_MATH = YES;
				SDKROOT = iphoneos;
				SWIFT_COMPILATION_MODE = wholemodule;
				VALIDATE_PRODUCT = YES;
			};
			name = Release;
		};
		C37589092C8F956800E2A7F4 /* Debug */ = {
			isa = XCBuildConfiguration;
			buildSettings = {
				ASSETCATALOG_COMPILER_APPICON_NAME = AppIcon;
				ASSETCATALOG_COMPILER_GLOBAL_ACCENT_COLOR_NAME = AccentColor;
				CODE_SIGN_STYLE = Automatic;
				CURRENT_PROJECT_VERSION = 1;
				DEVELOPMENT_ASSET_PATHS = "\"ColorComponents/Preview Content\"";
				DEVELOPMENT_TEAM = JP74RZ3MMY;
				ENABLE_PREVIEWS = YES;
				GENERATE_INFOPLIST_FILE = YES;
				INFOPLIST_KEY_UIApplicationSceneManifest_Generation = YES;
				INFOPLIST_KEY_UIApplicationSupportsIndirectInputEvents = YES;
				INFOPLIST_KEY_UILaunchScreen_Generation = YES;
				INFOPLIST_KEY_UISupportedInterfaceOrientations_iPad = "UIInterfaceOrientationPortrait UIInterfaceOrientationPortraitUpsideDown UIInterfaceOrientationLandscapeLeft UIInterfaceOrientationLandscapeRight";
				INFOPLIST_KEY_UISupportedInterfaceOrientations_iPhone = "UIInterfaceOrientationPortrait UIInterfaceOrientationLandscapeLeft UIInterfaceOrientationLandscapeRight";
				LD_RUNPATH_SEARCH_PATHS = (
					"$(inherited)",
					"@executable_path/Frameworks",
				);
				MARKETING_VERSION = 1.0;
				PRODUCT_BUNDLE_IDENTIFIER = edu.psu.ColorComponents;
				PRODUCT_NAME = "$(TARGET_NAME)";
				SWIFT_EMIT_LOC_STRINGS = YES;
				SWIFT_VERSION = 5.0;
				TARGETED_DEVICE_FAMILY = "1,2";
			};
			name = Debug;
		};
		C375890A2C8F956800E2A7F4 /* Release */ = {
			isa = XCBuildConfiguration;
			buildSettings = {
				ASSETCATALOG_COMPILER_APPICON_NAME = AppIcon;
				ASSETCATALOG_COMPILER_GLOBAL_ACCENT_COLOR_NAME = AccentColor;
				CODE_SIGN_STYLE = Automatic;
				CURRENT_PROJECT_VERSION = 1;
				DEVELOPMENT_ASSET_PATHS = "\"ColorComponents/Preview Content\"";
				DEVELOPMENT_TEAM = JP74RZ3MMY;
				ENABLE_PREVIEWS = YES;
				GENERATE_INFOPLIST_FILE = YES;
				INFOPLIST_KEY_UIApplicationSceneManifest_Generation = YES;
				INFOPLIST_KEY_UIApplicationSupportsIndirectInputEvents = YES;
				INFOPLIST_KEY_UILaunchScreen_Generation = YES;
				INFOPLIST_KEY_UISupportedInterfaceOrientations_iPad = "UIInterfaceOrientationPortrait UIInterfaceOrientationPortraitUpsideDown UIInterfaceOrientationLandscapeLeft UIInterfaceOrientationLandscapeRight";
				INFOPLIST_KEY_UISupportedInterfaceOrientations_iPhone = "UIInterfaceOrientationPortrait UIInterfaceOrientationLandscapeLeft UIInterfaceOrientationLandscapeRight";
				LD_RUNPATH_SEARCH_PATHS = (
					"$(inherited)",
					"@executable_path/Frameworks",
				);
				MARKETING_VERSION = 1.0;
				PRODUCT_BUNDLE_IDENTIFIER = edu.psu.ColorComponents;
				PRODUCT_NAME = "$(TARGET_NAME)";
				SWIFT_EMIT_LOC_STRINGS = YES;
				SWIFT_VERSION = 5.0;
				TARGETED_DEVICE_FAMILY = "1,2";
			};
			name = Release;
		};
/* End XCBuildConfiguration section */

/* Begin XCConfigurationList section */
		C37588F52C8F956600E2A7F4 /* Build configuration list for PBXProject "ColorComponents" */ = {
			isa = XCConfigurationList;
			buildConfigurations = (
				C37589062C8F956800E2A7F4 /* Debug */,
				C37589072C8F956800E2A7F4 /* Release */,
			);
			defaultConfigurationIsVisible = 0;
			defaultConfigurationName = Release;
		};
		C37589082C8F956800E2A7F4 /* Build configuration list for PBXNativeTarget "ColorComponents" */ = {
			isa = XCConfigurationList;
			buildConfigurations = (
				C37589092C8F956800E2A7F4 /* Debug */,
				C375890A2C8F956800E2A7F4 /* Release */,
			);
			defaultConfigurationIsVisible = 0;
			defaultConfigurationName = Release;
		};
/* End XCConfigurationList section */
	};
	rootObject = C37588F22C8F956600E2A7F4 /* Project object */;
}
