// !$*UTF8*$!
{
	archiveVersion = 1;
	classes = {
	};
	objectVersion = 56;
	objects = {

/* Begin PBXBuildFile section */
		C3B2BBCF2C80D84400A9D638 /* MascotView.swift in Sources */ = {isa = PBXBuildFile; fileRef = C3B2BBCE2C80D84400A9D638 /* MascotView.swift */; };
		C3B2BBD12C80D86F00A9D638 /* CheerTextView.swift in Sources */ = {isa = PBXBuildFile; fileRef = C3B2BBD02C80D86F00A9D638 /* CheerTextView.swift */; };
		C3B2BBD32C80DB9E00A9D638 /* CheerManager.swift in Sources */ = {isa = PBXBuildFile; fileRef = C3B2BBD22C80DB9E00A9D638 /* CheerManager.swift */; };
		C3C41A0B2C7FADE90025D5A4 /* WeAreApp.swift in Sources */ = {isa = PBXBuildFile; fileRef = C3C41A0A2C7FADE90025D5A4 /* WeAreApp.swift */; };
		C3C41A0D2C7FADE90025D5A4 /* MainView.swift in Sources */ = {isa = PBXBuildFile; fileRef = C3C41A0C2C7FADE90025D5A4 /* MainView.swift */; };
		C3C41A0F2C7FADEA0025D5A4 /* Assets.xcassets in Resources */ = {isa = PBXBuildFile; fileRef = C3C41A0E2C7FADEA0025D5A4 /* Assets.xcassets */; };
		C3C41A122C7FADEA0025D5A4 /* Preview Assets.xcassets in Resources */ = {isa = PBXBuildFile; fileRef = C3C41A112C7FADEA0025D5A4 /* Preview Assets.xcassets */; };
		C3FA14E72C86875A0017B398 /* CheerButtonView.swift in Sources */ = {isa = PBXBuildFile; fileRef = C3FA14E62C86875A0017B398 /* CheerButtonView.swift */; };
/* End PBXBuildFile section */

/* Begin PBXFileReference section */
		C3B2BBCE2C80D84400A9D638 /* MascotView.swift */ = {isa = PBXFileReference; lastKnownFileType = sourcecode.swift; path = MascotView.swift; sourceTree = "<group>"; };
		C3B2BBD02C80D86F00A9D638 /* CheerTextView.swift */ = {isa = PBXFileReference; lastKnownFileType = sourcecode.swift; path = CheerTextView.swift; sourceTree = "<group>"; };
		C3B2BBD22C80DB9E00A9D638 /* CheerManager.swift */ = {isa = PBXFileReference; lastKnownFileType = sourcecode.swift; path = CheerManager.swift; sourceTree = "<group>"; };
		C3C41A072C7FADE90025D5A4 /* WeAre.app */ = {isa = PBXFileReference; explicitFileType = wrapper.application; includeInIndex = 0; path = WeAre.app; sourceTree = BUILT_PRODUCTS_DIR; };
		C3C41A0A2C7FADE90025D5A4 /* WeAreApp.swift */ = {isa = PBXFileReference; lastKnownFileType = sourcecode.swift; path = WeAreApp.swift; sourceTree = "<group>"; };
		C3C41A0C2C7FADE90025D5A4 /* MainView.swift */ = {isa = PBXFileReference; lastKnownFileType = sourcecode.swift; path = MainView.swift; sourceTree = "<group>"; };
		C3C41A0E2C7FADEA0025D5A4 /* Assets.xcassets */ = {isa = PBXFileReference; lastKnownFileType = folder.assetcatalog; path = Assets.xcassets; sourceTree = "<group>"; };
		C3C41A112C7FADEA0025D5A4 /* Preview Assets.xcassets */ = {isa = PBXFileReference; lastKnownFileType = folder.assetcatalog; path = "Preview Assets.xcassets"; sourceTree = "<group>"; };
		C3FA14E62C86875A0017B398 /* CheerButtonView.swift */ = {isa = PBXFileReference; lastKnownFileType = sourcecode.swift; path = CheerButtonView.swift; sourceTree = "<group>"; };
/* End PBXFileReference section */

/* Begin PBXFrameworksBuildPhase section */
		C3C41A042C7FADE90025D5A4 /* Frameworks */ = {
			isa = PBXFrameworksBuildPhase;
			buildActionMask = 2147483647;
			files = (
			);
			runOnlyForDeploymentPostprocessing = 0;
		};
/* End PBXFrameworksBuildPhase section */

/* Begin PBXGroup section */
		C3C419FE2C7FADE90025D5A4 = {
			isa = PBXGroup;
			children = (
				C3C41A092C7FADE90025D5A4 /* WeAre */,
				C3C41A082C7FADE90025D5A4 /* Products */,
			);
			sourceTree = "<group>";
		};
		C3C41A082C7FADE90025D5A4 /* Products */ = {
			isa = PBXGroup;
			children = (
				C3C41A072C7FADE90025D5A4 /* WeAre.app */,
			);
			name = Products;
			sourceTree = "<group>";
		};
		C3C41A092C7FADE90025D5A4 /* WeAre */ = {
			isa = PBXGroup;
			children = (
				C3C41A0A2C7FADE90025D5A4 /* WeAreApp.swift */,
				C3C41A0C2C7FADE90025D5A4 /* MainView.swift */,
				C3B2BBCE2C80D84400A9D638 /* MascotView.swift */,
				C3B2BBD02C80D86F00A9D638 /* CheerTextView.swift */,
				C3FA14E62C86875A0017B398 /* CheerButtonView.swift */,
				C3C41A0E2C7FADEA0025D5A4 /* Assets.xcassets */,
				C3C41A102C7FADEA0025D5A4 /* Preview Content */,
				C3B2BBD22C80DB9E00A9D638 /* CheerManager.swift */,
			);
			path = WeAre;
			sourceTree = "<group>";
		};
		C3C41A102C7FADEA0025D5A4 /* Preview Content */ = {
			isa = PBXGroup;
			children = (
				C3C41A112C7FADEA0025D5A4 /* Preview Assets.xcassets */,
			);
			path = "Preview Content";
			sourceTree = "<group>";
		};
/* End PBXGroup section */

/* Begin PBXNativeTarget section */
		C3C41A062C7FADE90025D5A4 /* WeAre */ = {
			isa = PBXNativeTarget;
			buildConfigurationList = C3C41A152C7FADEA0025D5A4 /* Build configuration list for PBXNativeTarget "WeAre" */;
			buildPhases = (
				C3C41A032C7FADE90025D5A4 /* Sources */,
				C3C41A042C7FADE90025D5A4 /* Frameworks */,
				C3C41A052C7FADE90025D5A4 /* Resources */,
			);
			buildRules = (
			);
			dependencies = (
			);
			name = WeAre;
			productName = WeAre;
			productReference = C3C41A072C7FADE90025D5A4 /* WeAre.app */;
			productType = "com.apple.product-type.application";
		};
/* End PBXNativeTarget section */

/* Begin PBXProject section */
		C3C419FF2C7FADE90025D5A4 /* Project object */ = {
			isa = PBXProject;
			attributes = {
				BuildIndependentTargetsInParallel = 1;
				LastSwiftUpdateCheck = 1540;
				LastUpgradeCheck = 1540;
				TargetAttributes = {
					C3C41A062C7FADE90025D5A4 = {
						CreatedOnToolsVersion = 15.4;
					};
				};
			};
			buildConfigurationList = C3C41A022C7FADE90025D5A4 /* Build configuration list for PBXProject "WeAre" */;
			compatibilityVersion = "Xcode 14.0";
			developmentRegion = en;
			hasScannedForEncodings = 0;
			knownRegions = (
				en,
				Base,
			);
			mainGroup = C3C419FE2C7FADE90025D5A4;
			productRefGroup = C3C41A082C7FADE90025D5A4 /* Products */;
			projectDirPath = "";
			projectRoot = "";
			targets = (
				C3C41A062C7FADE90025D5A4 /* WeAre */,
			);
		};
/* End PBXProject section */

/* Begin PBXResourcesBuildPhase section */
		C3C41A052C7FADE90025D5A4 /* Resources */ = {
			isa = PBXResourcesBuildPhase;
			buildActionMask = 2147483647;
			files = (
				C3C41A122C7FADEA0025D5A4 /* Preview Assets.xcassets in Resources */,
				C3C41A0F2C7FADEA0025D5A4 /* Assets.xcassets in Resources */,
			);
			runOnlyForDeploymentPostprocessing = 0;
		};
/* End PBXResourcesBuildPhase section */

/* Begin PBXSourcesBuildPhase section */
		C3C41A032C7FADE90025D5A4 /* Sources */ = {
			isa = PBXSourcesBuildPhase;
			buildActionMask = 2147483647;
			files = (
				C3B2BBCF2C80D84400A9D638 /* MascotView.swift in Sources */,
				C3B2BBD12C80D86F00A9D638 /* CheerTextView.swift in Sources */,
				C3C41A0D2C7FADE90025D5A4 /* MainView.swift in Sources */,
				C3C41A0B2C7FADE90025D5A4 /* WeAreApp.swift in Sources */,
				C3FA14E72C86875A0017B398 /* CheerButtonView.swift in Sources */,
				C3B2BBD32C80DB9E00A9D638 /* CheerManager.swift in Sources */,
			);
			runOnlyForDeploymentPostprocessing = 0;
		};
/* End PBXSourcesBuildPhase section */

/* Begin XCBuildConfiguration section */
		C3C41A132C7FADEA0025D5A4 /* Debug */ = {
			isa = XCBuildConfiguration;
			buildSettings = {
				ALWAYS_SEARCH_USER_PATHS = NO;
				ASSETCATALOG_COMPILER_GENERATE_SWIFT_ASSET_SYMBOL_EXTENSIONS = YES;
				CLANG_ANALYZER_NONNULL = YES;
				CLANG_ANALYZER_NUMBER_OBJECT_CONVERSION = YES_AGGRESSIVE;
				CLANG_CXX_LANGUAGE_STANDARD = "gnu++20";
				CLANG_ENABLE_MODULES = YES;
				CLANG_ENABLE_OBJC_ARC = YES;
				CLANG_ENABLE_OBJC_WEAK = YES;
				CLANG_WARN_BLOCK_CAPTURE_AUTORELEASING = YES;
				CLANG_WARN_BOOL_CONVERSION = YES;
				CLANG_WARN_COMMA = YES;
				CLANG_WARN_CONSTANT_CONVERSION = YES;
				CLANG_WARN_DEPRECATED_OBJC_IMPLEMENTATIONS = YES;
				CLANG_WARN_DIRECT_OBJC_ISA_USAGE = YES_ERROR;
				CLANG_WARN_DOCUMENTATION_COMMENTS = YES;
				CLANG_WARN_EMPTY_BODY = YES;
				CLANG_WARN_ENUM_CONVERSION = YES;
				CLANG_WARN_INFINITE_RECURSION = YES;
				CLANG_WARN_INT_CONVERSION = YES;
				CLANG_WARN_NON_LITERAL_NULL_CONVERSION = YES;
				CLANG_WARN_OBJC_IMPLICIT_RETAIN_SELF = YES;
				CLANG_WARN_OBJC_LITERAL_CONVERSION = YES;
				CLANG_WARN_OBJC_ROOT_CLASS = YES_ERROR;
				CLANG_WARN_QUOTED_INCLUDE_IN_FRAMEWORK_HEADER = YES;
				CLANG_WARN_RANGE_LOOP_ANALYSIS = YES;
				CLANG_WARN_STRICT_PROTOTYPES = YES;
				CLANG_WARN_SUSPICIOUS_MOVE = YES;
				CLANG_WARN_UNGUARDED_AVAILABILITY = YES_AGGRESSIVE;
				CLANG_WARN_UNREACHABLE_CODE = YES;
				CLANG_WARN__DUPLICATE_METHOD_MATCH = YES;
				COPY_PHASE_STRIP = NO;
				DEBUG_INFORMATION_FORMAT = dwarf;
				ENABLE_STRICT_OBJC_MSGSEND = YES;
				ENABLE_TESTABILITY = YES;
				ENABLE_USER_SCRIPT_SANDBOXING = YES;
				GCC_C_LANGUAGE_STANDARD = gnu17;
				GCC_DYNAMIC_NO_PIC = NO;
				GCC_NO_COMMON_BLOCKS = YES;
				GCC_OPTIMIZATION_LEVEL = 0;
				GCC_PREPROCESSOR_DEFINITIONS = (
					"DEBUG=1",
					"$(inherited)",
				);
				GCC_WARN_64_TO_32_BIT_CONVERSION = YES;
				GCC_WARN_ABOUT_RETURN_TYPE = YES_ERROR;
				GCC_WARN_UNDECLARED_SELECTOR = YES;
				GCC_WARN_UNINITIALIZED_AUTOS = YES_AGGRESSIVE;
				GCC_WARN_UNUSED_FUNCTION = YES;
				GCC_WARN_UNUSED_VARIABLE = YES;
				IPHONEOS_DEPLOYMENT_TARGET = 17.5;
				LOCALIZATION_PREFERS_STRING_CATALOGS = YES;
				MTL_ENABLE_DEBUG_INFO = INCLUDE_SOURCE;
				MTL_FAST_MATH = YES;
				ONLY_ACTIVE_ARCH = YES;
				SDKROOT = iphoneos;
				SWIFT_ACTIVE_COMPILATION_CONDITIONS = "DEBUG $(inherited)";
				SWIFT_OPTIMIZATION_LEVEL = "-Onone";
			};
			name = Debug;
		};
		C3C41A142C7FADEA0025D5A4 /* Release */ = {
			isa = XCBuildConfiguration;
			buildSettings = {
				ALWAYS_SEARCH_USER_PATHS = NO;
				ASSETCATALOG_COMPILER_GENERATE_SWIFT_ASSET_SYMBOL_EXTENSIONS = YES;
				CLANG_ANALYZER_NONNULL = YES;
				CLANG_ANALYZER_NUMBER_OBJECT_CONVERSION = YES_AGGRESSIVE;
				CLANG_CXX_LANGUAGE_STANDARD = "gnu++20";
				CLANG_ENABLE_MODULES = YES;
				CLANG_ENABLE_OBJC_ARC = YES;
				CLANG_ENABLE_OBJC_WEAK = YES;
				CLANG_WARN_BLOCK_CAPTURE_AUTORELEASING = YES;
				CLANG_WARN_BOOL_CONVERSION = YES;
				CLANG_WARN_COMMA = YES;
				CLANG_WARN_CONSTANT_CONVERSION = YES;
				CLANG_WARN_DEPRECATED_OBJC_IMPLEMENTATIONS = YES;
				CLANG_WARN_DIRECT_OBJC_ISA_USAGE = YES_ERROR;
				CLANG_WARN_DOCUMENTATION_COMMENTS = YES;
				CLANG_WARN_EMPTY_BODY = YES;
				CLANG_WARN_ENUM_CONVERSION = YES;
				CLANG_WARN_INFINITE_RECURSION = YES;
				CLANG_WARN_INT_CONVERSION = YES;
				CLANG_WARN_NON_LITERAL_NULL_CONVERSION = YES;
				CLANG_WARN_OBJC_IMPLICIT_RETAIN_SELF = YES;
				CLANG_WARN_OBJC_LITERAL_CONVERSION = YES;
				CLANG_WARN_OBJC_ROOT_CLASS = YES_ERROR;
				CLANG_WARN_QUOTED_INCLUDE_IN_FRAMEWORK_HEADER = YES;
				CLANG_WARN_RANGE_LOOP_ANALYSIS = YES;
				CLANG_WARN_STRICT_PROTOTYPES = YES;
				CLANG_WARN_SUSPICIOUS_MOVE = YES;
				CLANG_WARN_UNGUARDED_AVAILABILITY = YES_AGGRESSIVE;
				CLANG_WARN_UNREACHABLE_CODE = YES;
				CLANG_WARN__DUPLICATE_METHOD_MATCH = YES;
				COPY_PHASE_STRIP = NO;
				DEBUG_INFORMATION_FORMAT = "dwarf-with-dsym";
				ENABLE_NS_ASSERTIONS = NO;
				ENABLE_STRICT_OBJC_MSGSEND = YES;
				ENABLE_USER_SCRIPT_SANDBOXING = YES;
				GCC_C_LANGUAGE_STANDARD = gnu17;
				GCC_NO_COMMON_BLOCKS = YES;
				GCC_WARN_64_TO_32_BIT_CONVERSION = YES;
				GCC_WARN_ABOUT_RETURN_TYPE = YES_ERROR;
				GCC_WARN_UNDECLARED_SELECTOR = YES;
				GCC_WARN_UNINITIALIZED_AUTOS = YES_AGGRESSIVE;
				GCC_WARN_UNUSED_FUNCTION = YES;
				GCC_WARN_UNUSED_VARIABLE = YES;
				IPHONEOS_DEPLOYMENT_TARGET = 17.5;
				LOCALIZATION_PREFERS_STRING_CATALOGS = YES;
				MTL_ENABLE_DEBUG_INFO = NO;
				MTL_FAST_MATH = YES;
				SDKROOT = iphoneos;
				SWIFT_COMPILATION_MODE = wholemodule;
				VALIDATE_PRODUCT = YES;
			};
			name = Release;
		};
		C3C41A162C7FADEA0025D5A4 /* Debug */ = {
			isa = XCBuildConfiguration;
			buildSettings = {
				ASSETCATALOG_COMPILER_APPICON_NAME = AppIcon;
				ASSETCATALOG_COMPILER_GLOBAL_ACCENT_COLOR_NAME = AccentColor;
				CODE_SIGN_STYLE = Automatic;
				CURRENT_PROJECT_VERSION = 1;
				DEVELOPMENT_ASSET_PATHS = "\"WeAre/Preview Content\"";
				DEVELOPMENT_TEAM = JP74RZ3MMY;
				ENABLE_PREVIEWS = YES;
				GENERATE_INFOPLIST_FILE = YES;
				INFOPLIST_KEY_UIApplicationSceneManifest_Generation = YES;
				INFOPLIST_KEY_UIApplicationSupportsIndirectInputEvents = YES;
				INFOPLIST_KEY_UILaunchScreen_Generation = YES;
				INFOPLIST_KEY_UISupportedInterfaceOrientations_iPad = "UIInterfaceOrientationPortrait UIInterfaceOrientationPortraitUpsideDown UIInterfaceOrientationLandscapeLeft UIInterfaceOrientationLandscapeRight";
				INFOPLIST_KEY_UISupportedInterfaceOrientations_iPhone = "UIInterfaceOrientationPortrait UIInterfaceOrientationLandscapeLeft UIInterfaceOrientationLandscapeRight";
				LD_RUNPATH_SEARCH_PATHS = (
					"$(inherited)",
					"@executable_path/Frameworks",
				);
				MARKETING_VERSION = 1.0;
				PRODUCT_BUNDLE_IDENTIFIER = edu.psu.WeAre;
				PRODUCT_NAME = "$(TARGET_NAME)";
				SWIFT_EMIT_LOC_STRINGS = YES;
				SWIFT_VERSION = 5.0;
				TARGETED_DEVICE_FAMILY = "1,2";
			};
			name = Debug;
		};
		C3C41A172C7FADEA0025D5A4 /* Release */ = {
			isa = XCBuildConfiguration;
			buildSettings = {
				ASSETCATALOG_COMPILER_APPICON_NAME = AppIcon;
				ASSETCATALOG_COMPILER_GLOBAL_ACCENT_COLOR_NAME = AccentColor;
				CODE_SIGN_STYLE = Automatic;
				CURRENT_PROJECT_VERSION = 1;
				DEVELOPMENT_ASSET_PATHS = "\"WeAre/Preview Content\"";
				DEVELOPMENT_TEAM = JP74RZ3MMY;
				ENABLE_PREVIEWS = YES;
				GENERATE_INFOPLIST_FILE = YES;
				INFOPLIST_KEY_UIApplicationSceneManifest_Generation = YES;
				INFOPLIST_KEY_UIApplicationSupportsIndirectInputEvents = YES;
				INFOPLIST_KEY_UILaunchScreen_Generation = YES;
				INFOPLIST_KEY_UISupportedInterfaceOrientations_iPad = "UIInterfaceOrientationPortrait UIInterfaceOrientationPortraitUpsideDown UIInterfaceOrientationLandscapeLeft UIInterfaceOrientationLandscapeRight";
				INFOPLIST_KEY_UISupportedInterfaceOrientations_iPhone = "UIInterfaceOrientationPortrait UIInterfaceOrientationLandscapeLeft UIInterfaceOrientationLandscapeRight";
				LD_RUNPATH_SEARCH_PATHS = (
					"$(inherited)",
					"@executable_path/Frameworks",
				);
				MARKETING_VERSION = 1.0;
				PRODUCT_BUNDLE_IDENTIFIER = edu.psu.WeAre;
				PRODUCT_NAME = "$(TARGET_NAME)";
				SWIFT_EMIT_LOC_STRINGS = YES;
				SWIFT_VERSION = 5.0;
				TARGETED_DEVICE_FAMILY = "1,2";
			};
			name = Release;
		};
/* End XCBuildConfiguration section */

/* Begin XCConfigurationList section */
		C3C41A022C7FADE90025D5A4 /* Build configuration list for PBXProject "WeAre" */ = {
			isa = XCConfigurationList;
			buildConfigurations = (
				C3C41A132C7FADEA0025D5A4 /* Debug */,
				C3C41A142C7FADEA0025D5A4 /* Release */,
			);
			defaultConfigurationIsVisible = 0;
			defaultConfigurationName = Release;
		};
		C3C41A152C7FADEA0025D5A4 /* Build configuration list for PBXNativeTarget "WeAre" */ = {
			isa = XCConfigurationList;
			buildConfigurations = (
				C3C41A162C7FADEA0025D5A4 /* Debug */,
				C3C41A172C7FADEA0025D5A4 /* Release */,
			);
			defaultConfigurationIsVisible = 0;
			defaultConfigurationName = Release;
		};
/* End XCConfigurationList section */
	};
	rootObject = C3C419FF2C7FADE90025D5A4 /* Project object */;
}
